
Microsoft Visual Studio Solution File, Format Version 12.00
# Visual Studio Version 17
VisualStudioVersion = 17.10.35027.167
MinimumVisualStudioVersion = 10.0.40219.1
Project("{FAE04EC0-301F-11D3-BF4B-00C04F79EFBC}") = "LibraryManagement", "LibraryManagement\LibraryManagement.csproj", "{3096871F-1D5E-486D-A79F-CFD1E0FFD553}"
EndProject
Global
	GlobalSection(SolutionConfigurationPlatforms) = preSolution
		Debug|Any CPU = Debug|Any CPU
		Release|Any CPU = Release|Any CPU
	EndGlobalSection
	GlobalSection(ProjectConfigurationPlatforms) = postSolution
		{3096871F-1D5E-486D-A79F-CFD1E0FFD553}.Debug|Any CPU.ActiveCfg = Debug|Any CPU
		{3096871F-1D5E-486D-A79F-CFD1E0FFD553}.Debug|Any CPU.Build.0 = Debug|Any CPU
		{3096871F-1D5E-486D-A79F-CFD1E0FFD553}.Release|Any CPU.ActiveCfg = Release|Any CPU
		{3096871F-1D5E-486D-A79F-CFD1E0FFD553}.Release|Any CPU.Build.0 = Release|Any CPU
	EndGlobalSection
	GlobalSection(SolutionProperties) = preSolution
		HideSolutionNode = FALSE
	EndGlobalSection
	GlobalSection(ExtensibilityGlobals) = postSolution
		SolutionGuid = {62159F2F-B9F2-4732-86A8-7F0B0DACF5F6}
	EndGlobalSection
EndGlobal
